
Microsoft Visual Studio Solution File, Format Version 12.00
# Visual Studio Version 17
VisualStudioVersion = 17.7.34221.43
MinimumVisualStudioVersion = 10.0.40219.1
Project("{FAE04EC0-301F-11D3-BF4B-00C04F79EFBC}") = "Furniture", "Furniture\Furniture.csproj", "{82DCEC6C-BD29-4AE2-B95D-DE1EEA4DEEAB}"
EndProject
Global
	GlobalSection(SolutionConfigurationPlatforms) = preSolution
		Debug|Any CPU = Debug|Any CPU
		Release|Any CPU = Release|Any CPU
	EndGlobalSection
	GlobalSection(ProjectConfigurationPlatforms) = postSolution
		{82DCEC6C-BD29-4AE2-B95D-DE1EEA4DEEAB}.Debug|Any CPU.ActiveCfg = Debug|Any CPU
		{82DCEC6C-BD29-4AE2-B95D-DE1EEA4DEEAB}.Debug|Any CPU.Build.0 = Debug|Any CPU
		{82DCEC6C-BD29-4AE2-B95D-DE1EEA4DEEAB}.Release|Any CPU.ActiveCfg = Release|Any CPU
		{82DCEC6C-BD29-4AE2-B95D-DE1EEA4DEEAB}.Release|Any CPU.Build.0 = Release|Any CPU
	EndGlobalSection
	GlobalSection(SolutionProperties) = preSolution
		HideSolutionNode = FALSE
	EndGlobalSection
	GlobalSection(ExtensibilityGlobals) = postSolution
		SolutionGuid = {6974BFE3-4B12-4E63-9A88-D57C5D60CD4B}
	EndGlobalSection
EndGlobal
